
Microsoft Visual Studio Solution File, Format Version 12.00
# Visual Studio Version 17
VisualStudioVersion = 17.8.34316.72
MinimumVisualStudioVersion = 10.0.40219.1
Project("{9A19103F-16F7-4668-BE54-9A1E7A4F7556}") = "Day2", "Day2\Day2.csproj", "{874A1DA5-04A6-4339-A205-BF8FFEEE75D6}"
EndProject
Project("{9A19103F-16F7-4668-BE54-9A1E7A4F7556}") = "Day1", "Day1\Day1.csproj", "{8FA0AD94-4FA8-4960-9E74-57DBDD9DFEE5}"
EndProject
Project("{9A19103F-16F7-4668-BE54-9A1E7A4F7556}") = "Day3", "Day3\Day3.csproj", "{67B23C73-F342-48C0-85DF-30BB47530879}"
EndProject
Project("{9A19103F-16F7-4668-BE54-9A1E7A4F7556}") = "Day4", "Day4\Day4.csproj", "{6A54237C-610C-4AD6-BFE4-A34264776499}"
EndProject
Project("{9A19103F-16F7-4668-BE54-9A1E7A4F7556}") = "Day5", "Day5\Day5.csproj", "{BABF143B-526B-4CBC-B61A-881D46EF7EF0}"
EndProject
Project("{9A19103F-16F7-4668-BE54-9A1E7A4F7556}") = "Day6", "Day6\Day6.csproj", "{DCEE9F92-A45B-4EA9-9F0E-D97D4E9C329C}"
EndProject
Project("{9A19103F-16F7-4668-BE54-9A1E7A4F7556}") = "Day7", "Day7\Day7.csproj", "{6948648D-9BD7-423D-B2FA-977532DB7CFB}"
EndProject
Project("{9A19103F-16F7-4668-BE54-9A1E7A4F7556}") = "Day8", "Day8\Day8.csproj", "{90511B20-012B-49F9-84CF-E3C4AECE6ED2}"
EndProject
Project("{9A19103F-16F7-4668-BE54-9A1E7A4F7556}") = "Day9", "Day9\Day9.csproj", "{5F19F9CD-3237-4681-A5E0-945049111BE5}"
EndProject
Project("{9A19103F-16F7-4668-BE54-9A1E7A4F7556}") = "Day10", "Day10\Day10.csproj", "{93AFF147-E948-4C96-BEFF-DA8522476E8D}"
EndProject
Project("{9A19103F-16F7-4668-BE54-9A1E7A4F7556}") = "Day11", "Day11\Day11.csproj", "{0D523904-38B4-4166-9A88-4B18B340E494}"
EndProject
Project("{9A19103F-16F7-4668-BE54-9A1E7A4F7556}") = "Day12", "Day12\Day12.csproj", "{407052C5-94A9-40CC-A2E0-FAEA2E893B0E}"
EndProject
Project("{9A19103F-16F7-4668-BE54-9A1E7A4F7556}") = "Day13", "Day13\Day13.csproj", "{51FE3AEB-6E4F-4185-AB1E-B0B1DDCD07C4}"
EndProject
Project("{FAE04EC0-301F-11D3-BF4B-00C04F79EFBC}") = "Day14", "Day14\Day14.csproj", "{BC2CB098-42EE-42C6-9AC1-6B71198695E1}"
EndProject
Project("{FAE04EC0-301F-11D3-BF4B-00C04F79EFBC}") = "Day15", "Day15\Day15.csproj", "{8A3B13E5-E839-44B1-A609-CAC7CAF9E89F}"
EndProject
Project("{FAE04EC0-301F-11D3-BF4B-00C04F79EFBC}") = "Day16", "day16\Day16.csproj", "{6BB973E1-AA74-4006-AA62-0B09F7D63A91}"
EndProject
Global
	GlobalSection(SolutionConfigurationPlatforms) = preSolution
		Debug|Any CPU = Debug|Any CPU
		Release|Any CPU = Release|Any CPU
	EndGlobalSection
	GlobalSection(ProjectConfigurationPlatforms) = postSolution
		{874A1DA5-04A6-4339-A205-BF8FFEEE75D6}.Debug|Any CPU.ActiveCfg = Debug|Any CPU
		{874A1DA5-04A6-4339-A205-BF8FFEEE75D6}.Debug|Any CPU.Build.0 = Debug|Any CPU
		{874A1DA5-04A6-4339-A205-BF8FFEEE75D6}.Release|Any CPU.ActiveCfg = Release|Any CPU
		{874A1DA5-04A6-4339-A205-BF8FFEEE75D6}.Release|Any CPU.Build.0 = Release|Any CPU
		{8FA0AD94-4FA8-4960-9E74-57DBDD9DFEE5}.Debug|Any CPU.ActiveCfg = Debug|Any CPU
		{8FA0AD94-4FA8-4960-9E74-57DBDD9DFEE5}.Debug|Any CPU.Build.0 = Debug|Any CPU
		{8FA0AD94-4FA8-4960-9E74-57DBDD9DFEE5}.Release|Any CPU.ActiveCfg = Release|Any CPU
		{8FA0AD94-4FA8-4960-9E74-57DBDD9DFEE5}.Release|Any CPU.Build.0 = Release|Any CPU
		{67B23C73-F342-48C0-85DF-30BB47530879}.Debug|Any CPU.ActiveCfg = Debug|Any CPU
		{67B23C73-F342-48C0-85DF-30BB47530879}.Debug|Any CPU.Build.0 = Debug|Any CPU
		{67B23C73-F342-48C0-85DF-30BB47530879}.Release|Any CPU.ActiveCfg = Release|Any CPU
		{67B23C73-F342-48C0-85DF-30BB47530879}.Release|Any CPU.Build.0 = Release|Any CPU
		{6A54237C-610C-4AD6-BFE4-A34264776499}.Debug|Any CPU.ActiveCfg = Debug|Any CPU
		{6A54237C-610C-4AD6-BFE4-A34264776499}.Debug|Any CPU.Build.0 = Debug|Any CPU
		{6A54237C-610C-4AD6-BFE4-A34264776499}.Release|Any CPU.ActiveCfg = Release|Any CPU
		{6A54237C-610C-4AD6-BFE4-A34264776499}.Release|Any CPU.Build.0 = Release|Any CPU
		{BABF143B-526B-4CBC-B61A-881D46EF7EF0}.Debug|Any CPU.ActiveCfg = Debug|Any CPU
		{BABF143B-526B-4CBC-B61A-881D46EF7EF0}.Debug|Any CPU.Build.0 = Debug|Any CPU
		{BABF143B-526B-4CBC-B61A-881D46EF7EF0}.Release|Any CPU.ActiveCfg = Release|Any CPU
		{BABF143B-526B-4CBC-B61A-881D46EF7EF0}.Release|Any CPU.Build.0 = Release|Any CPU
		{DCEE9F92-A45B-4EA9-9F0E-D97D4E9C329C}.Debug|Any CPU.ActiveCfg = Debug|Any CPU
		{DCEE9F92-A45B-4EA9-9F0E-D97D4E9C329C}.Debug|Any CPU.Build.0 = Debug|Any CPU
		{DCEE9F92-A45B-4EA9-9F0E-D97D4E9C329C}.Release|Any CPU.ActiveCfg = Release|Any CPU
		{DCEE9F92-A45B-4EA9-9F0E-D97D4E9C329C}.Release|Any CPU.Build.0 = Release|Any CPU
		{6948648D-9BD7-423D-B2FA-977532DB7CFB}.Debug|Any CPU.ActiveCfg = Debug|Any CPU
		{6948648D-9BD7-423D-B2FA-977532DB7CFB}.Debug|Any CPU.Build.0 = Debug|Any CPU
		{6948648D-9BD7-423D-B2FA-977532DB7CFB}.Release|Any CPU.ActiveCfg = Release|Any CPU
		{6948648D-9BD7-423D-B2FA-977532DB7CFB}.Release|Any CPU.Build.0 = Release|Any CPU
		{90511B20-012B-49F9-84CF-E3C4AECE6ED2}.Debug|Any CPU.ActiveCfg = Debug|Any CPU
		{90511B20-012B-49F9-84CF-E3C4AECE6ED2}.Debug|Any CPU.Build.0 = Debug|Any CPU
		{90511B20-012B-49F9-84CF-E3C4AECE6ED2}.Release|Any CPU.ActiveCfg = Release|Any CPU
		{90511B20-012B-49F9-84CF-E3C4AECE6ED2}.Release|Any CPU.Build.0 = Release|Any CPU
		{5F19F9CD-3237-4681-A5E0-945049111BE5}.Debug|Any CPU.ActiveCfg = Debug|Any CPU
		{5F19F9CD-3237-4681-A5E0-945049111BE5}.Debug|Any CPU.Build.0 = Debug|Any CPU
		{5F19F9CD-3237-4681-A5E0-945049111BE5}.Release|Any CPU.ActiveCfg = Release|Any CPU
		{5F19F9CD-3237-4681-A5E0-945049111BE5}.Release|Any CPU.Build.0 = Release|Any CPU
		{93AFF147-E948-4C96-BEFF-DA8522476E8D}.Debug|Any CPU.ActiveCfg = Debug|Any CPU
		{93AFF147-E948-4C96-BEFF-DA8522476E8D}.Debug|Any CPU.Build.0 = Debug|Any CPU
		{93AFF147-E948-4C96-BEFF-DA8522476E8D}.Release|Any CPU.ActiveCfg = Release|Any CPU
		{93AFF147-E948-4C96-BEFF-DA8522476E8D}.Release|Any CPU.Build.0 = Release|Any CPU
		{0D523904-38B4-4166-9A88-4B18B340E494}.Debug|Any CPU.ActiveCfg = Debug|Any CPU
		{0D523904-38B4-4166-9A88-4B18B340E494}.Debug|Any CPU.Build.0 = Debug|Any CPU
		{0D523904-38B4-4166-9A88-4B18B340E494}.Release|Any CPU.ActiveCfg = Release|Any CPU
		{0D523904-38B4-4166-9A88-4B18B340E494}.Release|Any CPU.Build.0 = Release|Any CPU
		{407052C5-94A9-40CC-A2E0-FAEA2E893B0E}.Debug|Any CPU.ActiveCfg = Debug|Any CPU
		{407052C5-94A9-40CC-A2E0-FAEA2E893B0E}.Debug|Any CPU.Build.0 = Debug|Any CPU
		{407052C5-94A9-40CC-A2E0-FAEA2E893B0E}.Release|Any CPU.ActiveCfg = Release|Any CPU
		{407052C5-94A9-40CC-A2E0-FAEA2E893B0E}.Release|Any CPU.Build.0 = Release|Any CPU
		{51FE3AEB-6E4F-4185-AB1E-B0B1DDCD07C4}.Debug|Any CPU.ActiveCfg = Debug|Any CPU
		{51FE3AEB-6E4F-4185-AB1E-B0B1DDCD07C4}.Debug|Any CPU.Build.0 = Debug|Any CPU
		{51FE3AEB-6E4F-4185-AB1E-B0B1DDCD07C4}.Release|Any CPU.ActiveCfg = Release|Any CPU
		{51FE3AEB-6E4F-4185-AB1E-B0B1DDCD07C4}.Release|Any CPU.Build.0 = Release|Any CPU
		{BC2CB098-42EE-42C6-9AC1-6B71198695E1}.Debug|Any CPU.ActiveCfg = Debug|Any CPU
		{BC2CB098-42EE-42C6-9AC1-6B71198695E1}.Debug|Any CPU.Build.0 = Debug|Any CPU
		{BC2CB098-42EE-42C6-9AC1-6B71198695E1}.Release|Any CPU.ActiveCfg = Release|Any CPU
		{BC2CB098-42EE-42C6-9AC1-6B71198695E1}.Release|Any CPU.Build.0 = Release|Any CPU
		{8A3B13E5-E839-44B1-A609-CAC7CAF9E89F}.Debug|Any CPU.ActiveCfg = Debug|Any CPU
		{8A3B13E5-E839-44B1-A609-CAC7CAF9E89F}.Debug|Any CPU.Build.0 = Debug|Any CPU
		{8A3B13E5-E839-44B1-A609-CAC7CAF9E89F}.Release|Any CPU.ActiveCfg = Release|Any CPU
		{8A3B13E5-E839-44B1-A609-CAC7CAF9E89F}.Release|Any CPU.Build.0 = Release|Any CPU
		{6BB973E1-AA74-4006-AA62-0B09F7D63A91}.Debug|Any CPU.ActiveCfg = Debug|Any CPU
		{6BB973E1-AA74-4006-AA62-0B09F7D63A91}.Debug|Any CPU.Build.0 = Debug|Any CPU
		{6BB973E1-AA74-4006-AA62-0B09F7D63A91}.Release|Any CPU.ActiveCfg = Release|Any CPU
		{6BB973E1-AA74-4006-AA62-0B09F7D63A91}.Release|Any CPU.Build.0 = Release|Any CPU
	EndGlobalSection
	GlobalSection(SolutionProperties) = preSolution
		HideSolutionNode = FALSE
	EndGlobalSection
	GlobalSection(ExtensibilityGlobals) = postSolution
		SolutionGuid = {0F4FD70D-8C76-42CD-BAA7-4BD442081A98}
	EndGlobalSection
EndGlobal
